
Microsoft Visual Studio Solution File, Format Version 12.00
Project("{2150E333-8FDC-42A3-9474-1A3956D46DE8}") = ".SolutionItems", ".SolutionItems", "{4BE45A2E-06C8-4AF1-84B0-4C26040AFADB}"
	ProjectSection(SolutionItems) = preProject
		.gitignore = .gitignore
		.editorconfig = .editorconfig
		.dockerignore = .dockerignore
		xunit.runner.json = xunit.runner.json
		README.md = README.md
		.gitattributes = .gitattributes
		docker-compose.yml = docker-compose.yml
		Directory.Build.props = Directory.Build.props
		LICENSE = LICENSE
		Claude.md = Claude.md
	EndProjectSection
EndProject
Project("{2150E333-8FDC-42A3-9474-1A3956D46DE8}") = "Catalog", "Catalog", "{B44C0F1C-1571-4969-8E71-1FD59E2BEF01}"
EndProject
Project("{FAE04EC0-301F-11D3-BF4B-00C04F79EFBC}") = "Legacy.Catalog.Api", "src\Legacy\Legacy.Catalog.Api\Legacy.Catalog.Api.csproj", "{F808B2D2-6C97-41E1-8FCD-45DDBEED3439}"
EndProject
Project("{2150E333-8FDC-42A3-9474-1A3956D46DE8}") = "Inventory", "Inventory", "{914DC55A-E4DE-4CEA-9ACE-4A908FB2E0B7}"
EndProject
Project("{FAE04EC0-301F-11D3-BF4B-00C04F79EFBC}") = "Inventory.Api", "src\Inventory\Inventory.Api\Inventory.Api.csproj", "{4BF8EE44-B5B9-4847-8D89-396FC99D2485}"
EndProject
Project("{FAE04EC0-301F-11D3-BF4B-00C04F79EFBC}") = "Catalog.Api", "src\Catalog\Catalog.Api\Catalog.Api.csproj", "{2EED4E0A-9757-4C97-BFCC-188792465E90}"
EndProject
Project("{2150E333-8FDC-42A3-9474-1A3956D46DE8}") = "Legacy", "Legacy", "{E54CD82E-0B91-444B-9910-9833EB3E6416}"
EndProject
Project("{FAE04EC0-301F-11D3-BF4B-00C04F79EFBC}") = "Legacy.SkuManagement.Api", "src\Legacy\Legacy.SkuManagement.Api\Legacy.SkuManagement.Api.csproj", "{7CEF28EC-F10C-4625-BC04-5444D4428700}"
EndProject
Project("{FAE04EC0-301F-11D3-BF4B-00C04F79EFBC}") = "Inventory.IntegrationTests", "tests\Inventory\Inventory.IntegrationTests\Inventory.IntegrationTests.csproj", "{558A0382-1CCC-4ECA-940E-6D70D8859547}"
EndProject
Project("{FAE04EC0-301F-11D3-BF4B-00C04F79EFBC}") = "Inventory.UnitTests", "tests\Inventory\Inventory.UnitTests\Inventory.UnitTests.csproj", "{1188BCE9-CAED-407C-86C1-A062E37976B9}"
EndProject
Project("{2150E333-8FDC-42A3-9474-1A3956D46DE8}") = "Orders", "Orders", "{D32878CB-3A4D-4A72-80DF-074191524FE7}"
EndProject
Project("{FAE04EC0-301F-11D3-BF4B-00C04F79EFBC}") = "Orders.Api", "src\Orders\Orders.Api\Orders.Api.csproj", "{FC9E43F9-4846-4C00-825C-C97CB8F9B34F}"
EndProject
Project("{FAE04EC0-301F-11D3-BF4B-00C04F79EFBC}") = "Orders.UnitTests", "tests\Orders\Orders.UnitTests\Orders.UnitTests.csproj", "{BF4EC3E7-84C8-45A7-91CE-E19CCED8179D}"
EndProject
Project("{2150E333-8FDC-42A3-9474-1A3956D46DE8}") = "Fulfillment", "Fulfillment", "{43E78C6C-71B6-4A46-98CA-1C0FF7434DF0}"
EndProject
Project("{FAE04EC0-301F-11D3-BF4B-00C04F79EFBC}") = "Fulfillment.Api", "src\Fulfillment\Fulfillment.Api\Fulfillment.Api.csproj", "{6454B91A-9695-4C2F-BB89-A1D0187C3C92}"
EndProject
Project("{FAE04EC0-301F-11D3-BF4B-00C04F79EFBC}") = "Fulfillment.UnitTests", "tests\Fulfillment\Fulfillment.UnitTests\Fulfillment.UnitTests.csproj", "{2B68B485-EA15-4A3B-B38F-1C3DFC5ED1B9}"
EndProject
Project("{FAE04EC0-301F-11D3-BF4B-00C04F79EFBC}") = "Catalog.UnitTests", "tests\Catalog\Catalog.UnitTests\Catalog.UnitTests.csproj", "{FD56AE0F-CE04-4D9C-95FE-1E917260CF53}"
EndProject
Global
	GlobalSection(SolutionConfigurationPlatforms) = preSolution
		Debug|Any CPU = Debug|Any CPU
		Release|Any CPU = Release|Any CPU
	EndGlobalSection
	GlobalSection(NestedProjects) = preSolution
		{4BF8EE44-B5B9-4847-8D89-396FC99D2485} = {914DC55A-E4DE-4CEA-9ACE-4A908FB2E0B7}
		{2EED4E0A-9757-4C97-BFCC-188792465E90} = {B44C0F1C-1571-4969-8E71-1FD59E2BEF01}
		{F808B2D2-6C97-41E1-8FCD-45DDBEED3439} = {E54CD82E-0B91-444B-9910-9833EB3E6416}
		{7CEF28EC-F10C-4625-BC04-5444D4428700} = {E54CD82E-0B91-444B-9910-9833EB3E6416}
		{558A0382-1CCC-4ECA-940E-6D70D8859547} = {914DC55A-E4DE-4CEA-9ACE-4A908FB2E0B7}
		{1188BCE9-CAED-407C-86C1-A062E37976B9} = {914DC55A-E4DE-4CEA-9ACE-4A908FB2E0B7}
		{FC9E43F9-4846-4C00-825C-C97CB8F9B34F} = {D32878CB-3A4D-4A72-80DF-074191524FE7}
		{BF4EC3E7-84C8-45A7-91CE-E19CCED8179D} = {D32878CB-3A4D-4A72-80DF-074191524FE7}
		{6454B91A-9695-4C2F-BB89-A1D0187C3C92} = {43E78C6C-71B6-4A46-98CA-1C0FF7434DF0}
		{2B68B485-EA15-4A3B-B38F-1C3DFC5ED1B9} = {43E78C6C-71B6-4A46-98CA-1C0FF7434DF0}
		{FD56AE0F-CE04-4D9C-95FE-1E917260CF53} = {B44C0F1C-1571-4969-8E71-1FD59E2BEF01}
	EndGlobalSection
	GlobalSection(ProjectConfigurationPlatforms) = postSolution
		{F808B2D2-6C97-41E1-8FCD-45DDBEED3439}.Debug|Any CPU.ActiveCfg = Debug|Any CPU
		{F808B2D2-6C97-41E1-8FCD-45DDBEED3439}.Debug|Any CPU.Build.0 = Debug|Any CPU
		{F808B2D2-6C97-41E1-8FCD-45DDBEED3439}.Release|Any CPU.ActiveCfg = Release|Any CPU
		{F808B2D2-6C97-41E1-8FCD-45DDBEED3439}.Release|Any CPU.Build.0 = Release|Any CPU
		{4BF8EE44-B5B9-4847-8D89-396FC99D2485}.Debug|Any CPU.ActiveCfg = Debug|Any CPU
		{4BF8EE44-B5B9-4847-8D89-396FC99D2485}.Debug|Any CPU.Build.0 = Debug|Any CPU
		{4BF8EE44-B5B9-4847-8D89-396FC99D2485}.Release|Any CPU.ActiveCfg = Release|Any CPU
		{4BF8EE44-B5B9-4847-8D89-396FC99D2485}.Release|Any CPU.Build.0 = Release|Any CPU
		{2EED4E0A-9757-4C97-BFCC-188792465E90}.Debug|Any CPU.ActiveCfg = Debug|Any CPU
		{2EED4E0A-9757-4C97-BFCC-188792465E90}.Debug|Any CPU.Build.0 = Debug|Any CPU
		{2EED4E0A-9757-4C97-BFCC-188792465E90}.Release|Any CPU.ActiveCfg = Release|Any CPU
		{2EED4E0A-9757-4C97-BFCC-188792465E90}.Release|Any CPU.Build.0 = Release|Any CPU
		{7CEF28EC-F10C-4625-BC04-5444D4428700}.Debug|Any CPU.ActiveCfg = Debug|Any CPU
		{7CEF28EC-F10C-4625-BC04-5444D4428700}.Debug|Any CPU.Build.0 = Debug|Any CPU
		{7CEF28EC-F10C-4625-BC04-5444D4428700}.Release|Any CPU.ActiveCfg = Release|Any CPU
		{7CEF28EC-F10C-4625-BC04-5444D4428700}.Release|Any CPU.Build.0 = Release|Any CPU
		{558A0382-1CCC-4ECA-940E-6D70D8859547}.Debug|Any CPU.ActiveCfg = Debug|Any CPU
		{558A0382-1CCC-4ECA-940E-6D70D8859547}.Debug|Any CPU.Build.0 = Debug|Any CPU
		{558A0382-1CCC-4ECA-940E-6D70D8859547}.Release|Any CPU.ActiveCfg = Release|Any CPU
		{558A0382-1CCC-4ECA-940E-6D70D8859547}.Release|Any CPU.Build.0 = Release|Any CPU
		{1188BCE9-CAED-407C-86C1-A062E37976B9}.Debug|Any CPU.ActiveCfg = Debug|Any CPU
		{1188BCE9-CAED-407C-86C1-A062E37976B9}.Debug|Any CPU.Build.0 = Debug|Any CPU
		{1188BCE9-CAED-407C-86C1-A062E37976B9}.Release|Any CPU.ActiveCfg = Release|Any CPU
		{1188BCE9-CAED-407C-86C1-A062E37976B9}.Release|Any CPU.Build.0 = Release|Any CPU
		{FC9E43F9-4846-4C00-825C-C97CB8F9B34F}.Debug|Any CPU.ActiveCfg = Debug|Any CPU
		{FC9E43F9-4846-4C00-825C-C97CB8F9B34F}.Debug|Any CPU.Build.0 = Debug|Any CPU
		{FC9E43F9-4846-4C00-825C-C97CB8F9B34F}.Release|Any CPU.ActiveCfg = Release|Any CPU
		{FC9E43F9-4846-4C00-825C-C97CB8F9B34F}.Release|Any CPU.Build.0 = Release|Any CPU
		{BF4EC3E7-84C8-45A7-91CE-E19CCED8179D}.Debug|Any CPU.ActiveCfg = Debug|Any CPU
		{BF4EC3E7-84C8-45A7-91CE-E19CCED8179D}.Debug|Any CPU.Build.0 = Debug|Any CPU
		{BF4EC3E7-84C8-45A7-91CE-E19CCED8179D}.Release|Any CPU.ActiveCfg = Release|Any CPU
		{BF4EC3E7-84C8-45A7-91CE-E19CCED8179D}.Release|Any CPU.Build.0 = Release|Any CPU
		{6454B91A-9695-4C2F-BB89-A1D0187C3C92}.Debug|Any CPU.ActiveCfg = Debug|Any CPU
		{6454B91A-9695-4C2F-BB89-A1D0187C3C92}.Debug|Any CPU.Build.0 = Debug|Any CPU
		{6454B91A-9695-4C2F-BB89-A1D0187C3C92}.Release|Any CPU.ActiveCfg = Release|Any CPU
		{6454B91A-9695-4C2F-BB89-A1D0187C3C92}.Release|Any CPU.Build.0 = Release|Any CPU
		{2B68B485-EA15-4A3B-B38F-1C3DFC5ED1B9}.Debug|Any CPU.ActiveCfg = Debug|Any CPU
		{2B68B485-EA15-4A3B-B38F-1C3DFC5ED1B9}.Debug|Any CPU.Build.0 = Debug|Any CPU
		{2B68B485-EA15-4A3B-B38F-1C3DFC5ED1B9}.Release|Any CPU.ActiveCfg = Release|Any CPU
		{2B68B485-EA15-4A3B-B38F-1C3DFC5ED1B9}.Release|Any CPU.Build.0 = Release|Any CPU
		{FD56AE0F-CE04-4D9C-95FE-1E917260CF53}.Debug|Any CPU.ActiveCfg = Debug|Any CPU
		{FD56AE0F-CE04-4D9C-95FE-1E917260CF53}.Debug|Any CPU.Build.0 = Debug|Any CPU
		{FD56AE0F-CE04-4D9C-95FE-1E917260CF53}.Release|Any CPU.ActiveCfg = Release|Any CPU
		{FD56AE0F-CE04-4D9C-95FE-1E917260CF53}.Release|Any CPU.Build.0 = Release|Any CPU
	EndGlobalSection
EndGlobal
